{
  "version": 4,
  "terraform_version": "1.5.7",
  "serial": 204,
  "lineage": "be7afd94-d38d-43e5-a47c-3af24ec1e081",
  "outputs": {
    "master_internal_ip": {
      "value": "192.168.200.23",
      "type": "string"
    },
    "master_public_ip": {
      "value": "158.160.169.171",
      "type": "string"
    },
    "worker1_internal_ip": {
      "value": "192.168.100.22",
      "type": "string"
    },
    "worker2_internal_ip": {
      "value": "192.168.10.29",
      "type": "string"
    }
  },
  "resources": [
    {
      "mode": "managed",
      "type": "yandex_compute_instance",
      "name": "master-node",
      "provider": "provider[\"registry.terraform.io/yandex-cloud/yandex\"]",
      "instances": [
        {
          "schema_version": 1,
          "attributes": {
            "allow_recreate": null,
            "allow_stopping_for_update": null,
            "boot_disk": [
              {
                "auto_delete": true,
                "device_name": "fv4urthoe79qdfv6bk7o",
                "disk_id": "fv4urthoe79qdfv6bk7o",
                "initialize_params": [
                  {
                    "block_size": 4096,
                    "description": "",
                    "image_id": "fd80mrhj8fl2oe87o4e1",
                    "name": "master-node",
                    "size": 50,
                    "snapshot_id": "",
                    "type": "network-hdd"
                  }
                ],
                "mode": "READ_WRITE"
              }
            ],
            "created_at": "2024-06-18T14:22:59Z",
            "description": "",
            "filesystem": [],
            "folder_id": "b1g96o71ipj82qfd6304",
            "fqdn": "fv4ts95b114vfvoandda.auto.internal",
            "gpu_cluster_id": "",
            "hostname": "",
            "id": "fv4ts95b114vfvoandda",
            "labels": null,
            "local_disk": [],
            "maintenance_grace_period": "",
            "maintenance_policy": null,
            "metadata": {
              "ssh-keys": "ubuntu:ssh-rsa AAAAB3NzaC1yc2EAAAADAQABAAABgQC2uw+0rk7I1E5MBizKEur9g+Hj3wBgIs6yPNhZ7FTb6I+ic03VXWMs0y+3aQod3fjQNPRehU8qf/QKrwRzq8Adx65LmUJDuPi/Ds2Ke0a2FMMpenll2sDLI2m8yCXqktXGs75kBJNy1JuGOSRuiVZVMrEZyX1qHET1ovtBG1f7kFBKBkxWiB546NTtfa5n4sSyp3Apl/mLZ+RP28Yf6b/gkKMUgr5Qot0snOeN8lpn9RlXv0lF9ffNtmE/t6FE06pZMQXTU84BrOF7co63yCm6UREW94aLP7H7cjTr9u8W7klisAfD5twJgxCvcn2Zap56E/JekPqwW4+WWrf9dc1M++/sXuLSsDUjC3gXfE/BAIplrAEM/Z4pWYPiSAGZP6il7e2SCJhVj7F/CvDFHluqDhL3lkPdKDlUyjIsCDvfteZbTjrQXskpCQTVjwltzSQg6QoXrXqFG8Di/qTlJ7R+QVFVdxe8deistgJ4lIm1cfApP75BbKndSfOGejNHI5U= ad@ads-iMac.local"
            },
            "metadata_options": [
              {
                "aws_v1_http_endpoint": 1,
                "aws_v1_http_token": 2,
                "gce_http_endpoint": 1,
                "gce_http_token": 1
              }
            ],
            "name": "master",
            "network_acceleration_type": "standard",
            "network_interface": [
              {
                "dns_record": [],
                "index": 0,
                "ip_address": "192.168.200.23",
                "ipv4": true,
                "ipv6": false,
                "ipv6_address": "",
                "ipv6_dns_record": [],
                "mac_address": "d0:0d:1d:e2:4a:b0",
                "nat": true,
                "nat_dns_record": [],
                "nat_ip_address": "158.160.169.171",
                "nat_ip_version": "IPV4",
                "security_group_ids": [],
                "subnet_id": "fl8tii9bcgp8m1eq3s5n"
              }
            ],
            "placement_policy": [
              {
                "host_affinity_rules": [],
                "placement_group_id": "",
                "placement_group_partition": 0
              }
            ],
            "platform_id": "standard-v2",
            "resources": [
              {
                "core_fraction": 20,
                "cores": 2,
                "gpus": 0,
                "memory": 4
              }
            ],
            "scheduling_policy": [
              {
                "preemptible": true
              }
            ],
            "secondary_disk": [],
            "service_account_id": "",
            "status": "running",
            "timeouts": null,
            "zone": "ru-central1-d"
          },
          "sensitive_attributes": [],
          "private": "eyJlMmJmYjczMC1lY2FhLTExZTYtOGY4OC0zNDM2M2JjN2M0YzAiOnsiY3JlYXRlIjozMDAwMDAwMDAwMDAsImRlbGV0ZSI6MzAwMDAwMDAwMDAwLCJ1cGRhdGUiOjMwMDAwMDAwMDAwMH0sInNjaGVtYV92ZXJzaW9uIjoiMSJ9",
          "dependencies": [
            "yandex_vpc_network.diplom-vpc",
            "yandex_vpc_subnet.zone3"
          ]
        }
      ]
    },
    {
      "mode": "managed",
      "type": "yandex_compute_instance",
      "name": "worker-node1",
      "provider": "provider[\"registry.terraform.io/yandex-cloud/yandex\"]",
      "instances": [
        {
          "schema_version": 1,
          "attributes": {
            "allow_recreate": null,
            "allow_stopping_for_update": null,
            "boot_disk": [
              {
                "auto_delete": true,
                "device_name": "epdg1gn3cphn86fbjpsb",
                "disk_id": "epdg1gn3cphn86fbjpsb",
                "initialize_params": [
                  {
                    "block_size": 4096,
                    "description": "",
                    "image_id": "fd8re3hiqnikqr7j7m8s",
                    "name": "worker-node1",
                    "size": 50,
                    "snapshot_id": "",
                    "type": "network-hdd"
                  }
                ],
                "mode": "READ_WRITE"
              }
            ],
            "created_at": "2024-06-18T14:22:58Z",
            "description": "",
            "filesystem": [],
            "folder_id": "b1g96o71ipj82qfd6304",
            "fqdn": "epdcds258ahnnhacsjgl.auto.internal",
            "gpu_cluster_id": "",
            "hostname": "",
            "id": "epdcds258ahnnhacsjgl",
            "labels": null,
            "local_disk": [],
            "maintenance_grace_period": "",
            "maintenance_policy": null,
            "metadata": {
              "ssh-keys": "ubuntu:ssh-rsa AAAAB3NzaC1yc2EAAAADAQABAAABgQC2uw+0rk7I1E5MBizKEur9g+Hj3wBgIs6yPNhZ7FTb6I+ic03VXWMs0y+3aQod3fjQNPRehU8qf/QKrwRzq8Adx65LmUJDuPi/Ds2Ke0a2FMMpenll2sDLI2m8yCXqktXGs75kBJNy1JuGOSRuiVZVMrEZyX1qHET1ovtBG1f7kFBKBkxWiB546NTtfa5n4sSyp3Apl/mLZ+RP28Yf6b/gkKMUgr5Qot0snOeN8lpn9RlXv0lF9ffNtmE/t6FE06pZMQXTU84BrOF7co63yCm6UREW94aLP7H7cjTr9u8W7klisAfD5twJgxCvcn2Zap56E/JekPqwW4+WWrf9dc1M++/sXuLSsDUjC3gXfE/BAIplrAEM/Z4pWYPiSAGZP6il7e2SCJhVj7F/CvDFHluqDhL3lkPdKDlUyjIsCDvfteZbTjrQXskpCQTVjwltzSQg6QoXrXqFG8Di/qTlJ7R+QVFVdxe8deistgJ4lIm1cfApP75BbKndSfOGejNHI5U= ad@ads-iMac.local"
            },
            "metadata_options": [
              {
                "aws_v1_http_endpoint": 1,
                "aws_v1_http_token": 2,
                "gce_http_endpoint": 1,
                "gce_http_token": 1
              }
            ],
            "name": "slave1",
            "network_acceleration_type": "standard",
            "network_interface": [
              {
                "dns_record": [],
                "index": 0,
                "ip_address": "192.168.100.22",
                "ipv4": true,
                "ipv6": false,
                "ipv6_address": "",
                "ipv6_dns_record": [],
                "mac_address": "d0:0d:c6:f0:45:42",
                "nat": true,
                "nat_dns_record": [],
                "nat_ip_address": "51.250.20.11",
                "nat_ip_version": "IPV4",
                "security_group_ids": [],
                "subnet_id": "e2l32om8b9l1a0ukq8ue"
              }
            ],
            "placement_policy": [
              {
                "host_affinity_rules": [],
                "placement_group_id": "",
                "placement_group_partition": 0
              }
            ],
            "platform_id": "standard-v1",
            "resources": [
              {
                "core_fraction": 20,
                "cores": 2,
                "gpus": 0,
                "memory": 2
              }
            ],
            "scheduling_policy": [
              {
                "preemptible": true
              }
            ],
            "secondary_disk": [],
            "service_account_id": "",
            "status": "running",
            "timeouts": null,
            "zone": "ru-central1-b"
          },
          "sensitive_attributes": [],
          "private": "eyJlMmJmYjczMC1lY2FhLTExZTYtOGY4OC0zNDM2M2JjN2M0YzAiOnsiY3JlYXRlIjozMDAwMDAwMDAwMDAsImRlbGV0ZSI6MzAwMDAwMDAwMDAwLCJ1cGRhdGUiOjMwMDAwMDAwMDAwMH0sInNjaGVtYV92ZXJzaW9uIjoiMSJ9",
          "dependencies": [
            "yandex_vpc_network.diplom-vpc",
            "yandex_vpc_subnet.zone2"
          ]
        }
      ]
    },
    {
      "mode": "managed",
      "type": "yandex_compute_instance",
      "name": "worker-node2",
      "provider": "provider[\"registry.terraform.io/yandex-cloud/yandex\"]",
      "instances": [
        {
          "schema_version": 1,
          "attributes": {
            "allow_recreate": null,
            "allow_stopping_for_update": null,
            "boot_disk": [
              {
                "auto_delete": true,
                "device_name": "fhmdh4ronfec571vaakb",
                "disk_id": "fhmdh4ronfec571vaakb",
                "initialize_params": [
                  {
                    "block_size": 4096,
                    "description": "",
                    "image_id": "fd80mrhj8fl2oe87o4e1",
                    "name": "worker-node2",
                    "size": 50,
                    "snapshot_id": "",
                    "type": "network-hdd"
                  }
                ],
                "mode": "READ_WRITE"
              }
            ],
            "created_at": "2024-06-18T14:22:58Z",
            "description": "",
            "filesystem": [],
            "folder_id": "b1g96o71ipj82qfd6304",
            "fqdn": "fhmetilnvj87q04rn4nh.auto.internal",
            "gpu_cluster_id": "",
            "hostname": "",
            "id": "fhmetilnvj87q04rn4nh",
            "labels": null,
            "local_disk": [],
            "maintenance_grace_period": "",
            "maintenance_policy": null,
            "metadata": {
              "ssh-keys": "ubuntu:ssh-rsa AAAAB3NzaC1yc2EAAAADAQABAAABgQC2uw+0rk7I1E5MBizKEur9g+Hj3wBgIs6yPNhZ7FTb6I+ic03VXWMs0y+3aQod3fjQNPRehU8qf/QKrwRzq8Adx65LmUJDuPi/Ds2Ke0a2FMMpenll2sDLI2m8yCXqktXGs75kBJNy1JuGOSRuiVZVMrEZyX1qHET1ovtBG1f7kFBKBkxWiB546NTtfa5n4sSyp3Apl/mLZ+RP28Yf6b/gkKMUgr5Qot0snOeN8lpn9RlXv0lF9ffNtmE/t6FE06pZMQXTU84BrOF7co63yCm6UREW94aLP7H7cjTr9u8W7klisAfD5twJgxCvcn2Zap56E/JekPqwW4+WWrf9dc1M++/sXuLSsDUjC3gXfE/BAIplrAEM/Z4pWYPiSAGZP6il7e2SCJhVj7F/CvDFHluqDhL3lkPdKDlUyjIsCDvfteZbTjrQXskpCQTVjwltzSQg6QoXrXqFG8Di/qTlJ7R+QVFVdxe8deistgJ4lIm1cfApP75BbKndSfOGejNHI5U= ad@ads-iMac.local"
            },
            "metadata_options": [
              {
                "aws_v1_http_endpoint": 1,
                "aws_v1_http_token": 2,
                "gce_http_endpoint": 1,
                "gce_http_token": 1
              }
            ],
            "name": "slave2",
            "network_acceleration_type": "standard",
            "network_interface": [
              {
                "dns_record": [],
                "index": 0,
                "ip_address": "192.168.10.29",
                "ipv4": true,
                "ipv6": false,
                "ipv6_address": "",
                "ipv6_dns_record": [],
                "mac_address": "d0:0d:ee:ca:b7:fc",
                "nat": true,
                "nat_dns_record": [],
                "nat_ip_address": "158.160.126.133",
                "nat_ip_version": "IPV4",
                "security_group_ids": [],
                "subnet_id": "e9b7k2vn5kicrbvl3e50"
              }
            ],
            "placement_policy": [
              {
                "host_affinity_rules": [],
                "placement_group_id": "",
                "placement_group_partition": 0
              }
            ],
            "platform_id": "standard-v1",
            "resources": [
              {
                "core_fraction": 20,
                "cores": 2,
                "gpus": 0,
                "memory": 2
              }
            ],
            "scheduling_policy": [
              {
                "preemptible": true
              }
            ],
            "secondary_disk": [],
            "service_account_id": "",
            "status": "running",
            "timeouts": null,
            "zone": "ru-central1-a"
          },
          "sensitive_attributes": [],
          "private": "eyJlMmJmYjczMC1lY2FhLTExZTYtOGY4OC0zNDM2M2JjN2M0YzAiOnsiY3JlYXRlIjozMDAwMDAwMDAwMDAsImRlbGV0ZSI6MzAwMDAwMDAwMDAwLCJ1cGRhdGUiOjMwMDAwMDAwMDAwMH0sInNjaGVtYV92ZXJzaW9uIjoiMSJ9",
          "dependencies": [
            "yandex_vpc_network.diplom-vpc",
            "yandex_vpc_subnet.zone1"
          ]
        }
      ]
    },
    {
      "mode": "managed",
      "type": "yandex_vpc_network",
      "name": "diplom-vpc",
      "provider": "provider[\"registry.terraform.io/yandex-cloud/yandex\"]",
      "instances": [
        {
          "schema_version": 0,
          "attributes": {
            "created_at": "2024-06-18T14:22:55Z",
            "default_security_group_id": "enptg1v022bece6lqj8d",
            "description": "My diplom project vpc",
            "folder_id": "b1g96o71ipj82qfd6304",
            "id": "enp7ea7eorv2gpjvhar9",
            "labels": {},
            "name": "diplom-vpc",
            "subnet_ids": [],
            "timeouts": null
          },
          "sensitive_attributes": [],
          "private": "eyJlMmJmYjczMC1lY2FhLTExZTYtOGY4OC0zNDM2M2JjN2M0YzAiOnsiY3JlYXRlIjo2MDAwMDAwMDAwMCwiZGVsZXRlIjo2MDAwMDAwMDAwMCwidXBkYXRlIjo2MDAwMDAwMDAwMH19"
        }
      ]
    },
    {
      "mode": "managed",
      "type": "yandex_vpc_subnet",
      "name": "zone1",
      "provider": "provider[\"registry.terraform.io/yandex-cloud/yandex\"]",
      "instances": [
        {
          "schema_version": 0,
          "attributes": {
            "created_at": "2024-06-18T14:22:58Z",
            "description": "",
            "dhcp_options": [],
            "folder_id": "b1g96o71ipj82qfd6304",
            "id": "e9b7k2vn5kicrbvl3e50",
            "labels": {},
            "name": "zone1",
            "network_id": "enp7ea7eorv2gpjvhar9",
            "route_table_id": "",
            "timeouts": null,
            "v4_cidr_blocks": [
              "192.168.10.0/24"
            ],
            "v6_cidr_blocks": [],
            "zone": "ru-central1-a"
          },
          "sensitive_attributes": [],
          "private": "eyJlMmJmYjczMC1lY2FhLTExZTYtOGY4OC0zNDM2M2JjN2M0YzAiOnsiY3JlYXRlIjoxODAwMDAwMDAwMDAsImRlbGV0ZSI6MTgwMDAwMDAwMDAwLCJ1cGRhdGUiOjE4MDAwMDAwMDAwMH19",
          "dependencies": [
            "yandex_vpc_network.diplom-vpc"
          ]
        }
      ]
    },
    {
      "mode": "managed",
      "type": "yandex_vpc_subnet",
      "name": "zone2",
      "provider": "provider[\"registry.terraform.io/yandex-cloud/yandex\"]",
      "instances": [
        {
          "schema_version": 0,
          "attributes": {
            "created_at": "2024-06-18T14:22:57Z",
            "description": "",
            "dhcp_options": [],
            "folder_id": "b1g96o71ipj82qfd6304",
            "id": "e2l32om8b9l1a0ukq8ue",
            "labels": {},
            "name": "zone2",
            "network_id": "enp7ea7eorv2gpjvhar9",
            "route_table_id": "",
            "timeouts": null,
            "v4_cidr_blocks": [
              "192.168.100.0/24"
            ],
            "v6_cidr_blocks": [],
            "zone": "ru-central1-b"
          },
          "sensitive_attributes": [],
          "private": "eyJlMmJmYjczMC1lY2FhLTExZTYtOGY4OC0zNDM2M2JjN2M0YzAiOnsiY3JlYXRlIjoxODAwMDAwMDAwMDAsImRlbGV0ZSI6MTgwMDAwMDAwMDAwLCJ1cGRhdGUiOjE4MDAwMDAwMDAwMH19",
          "dependencies": [
            "yandex_vpc_network.diplom-vpc"
          ]
        }
      ]
    },
    {
      "mode": "managed",
      "type": "yandex_vpc_subnet",
      "name": "zone3",
      "provider": "provider[\"registry.terraform.io/yandex-cloud/yandex\"]",
      "instances": [
        {
          "schema_version": 0,
          "attributes": {
            "created_at": "2024-06-18T14:22:58Z",
            "description": "",
            "dhcp_options": [],
            "folder_id": "b1g96o71ipj82qfd6304",
            "id": "fl8tii9bcgp8m1eq3s5n",
            "labels": {},
            "name": "zone3",
            "network_id": "enp7ea7eorv2gpjvhar9",
            "route_table_id": "",
            "timeouts": null,
            "v4_cidr_blocks": [
              "192.168.200.0/24"
            ],
            "v6_cidr_blocks": [],
            "zone": "ru-central1-d"
          },
          "sensitive_attributes": [],
          "private": "eyJlMmJmYjczMC1lY2FhLTExZTYtOGY4OC0zNDM2M2JjN2M0YzAiOnsiY3JlYXRlIjoxODAwMDAwMDAwMDAsImRlbGV0ZSI6MTgwMDAwMDAwMDAwLCJ1cGRhdGUiOjE4MDAwMDAwMDAwMH19",
          "dependencies": [
            "yandex_vpc_network.diplom-vpc"
          ]
        }
      ]
    }
  ],
  "check_results": null
}
